
Microsoft Visual Studio Solution File, Format Version 12.00
# Visual Studio Version 16
VisualStudioVersion = 16.0.31129.286
MinimumVisualStudioVersion = 10.0.40219.1
Project("{FAE04EC0-301F-11D3-BF4B-00C04F79EFBC}") = "Sandbox.WebApi", "Sandbox.WebApi.csproj", "{ED80EF65-8162-47FF-817E-0E7A8FABAE23}"
EndProject
Project("{FAE04EC0-301F-11D3-BF4B-00C04F79EFBC}") = "Sandbox", "Sandbox.csproj", "{24764B7F-EFCC-4F86-8414-A642E7576DDA}"
EndProject
Global
	GlobalSection(SolutionConfigurationPlatforms) = preSolution
		Debug|Any CPU = Debug|Any CPU
		Release|Any CPU = Release|Any CPU
	EndGlobalSection
	GlobalSection(ProjectConfigurationPlatforms) = postSolution
		{ED80EF65-8162-47FF-817E-0E7A8FABAE23}.Debug|Any CPU.ActiveCfg = Debug|Any CPU
		{ED80EF65-8162-47FF-817E-0E7A8FABAE23}.Debug|Any CPU.Build.0 = Debug|Any CPU
		{ED80EF65-8162-47FF-817E-0E7A8FABAE23}.Release|Any CPU.ActiveCfg = Release|Any CPU
		{ED80EF65-8162-47FF-817E-0E7A8FABAE23}.Release|Any CPU.Build.0 = Release|Any CPU
		{24764B7F-EFCC-4F86-8414-A642E7576DDA}.Debug|Any CPU.ActiveCfg = Debug|Any CPU
		{24764B7F-EFCC-4F86-8414-A642E7576DDA}.Debug|Any CPU.Build.0 = Debug|Any CPU
		{24764B7F-EFCC-4F86-8414-A642E7576DDA}.Release|Any CPU.ActiveCfg = Release|Any CPU
		{24764B7F-EFCC-4F86-8414-A642E7576DDA}.Release|Any CPU.Build.0 = Release|Any CPU
	EndGlobalSection
	GlobalSection(SolutionProperties) = preSolution
		HideSolutionNode = FALSE
	EndGlobalSection
	GlobalSection(ExtensibilityGlobals) = postSolution
		SolutionGuid = {F5C0E719-3D93-4D38-B2DC-7AEBD9789197}
	EndGlobalSection
EndGlobal
